
Microsoft Visual Studio Solution File, Format Version 12.00
# Blend for Visual Studio Version 17
VisualStudioVersion = 17.2.32616.157
MinimumVisualStudioVersion = 10.0.40219.1
Project("{FAE04EC0-301F-11D3-BF4B-00C04F79EFBC}") = "WpfApp1", "WpfApp1.csproj", "{D185DA4F-9259-48B3-AF4D-3870D58D9B4A}"
EndProject
Global
	GlobalSection(SolutionConfigurationPlatforms) = preSolution
		Debug|Any CPU = Debug|Any CPU
		Release|Any CPU = Release|Any CPU
	EndGlobalSection
	GlobalSection(ProjectConfigurationPlatforms) = postSolution
		{D185DA4F-9259-48B3-AF4D-3870D58D9B4A}.Debug|Any CPU.ActiveCfg = Debug|Any CPU
		{D185DA4F-9259-48B3-AF4D-3870D58D9B4A}.Debug|Any CPU.Build.0 = Debug|Any CPU
		{D185DA4F-9259-48B3-AF4D-3870D58D9B4A}.Release|Any CPU.ActiveCfg = Release|Any CPU
		{D185DA4F-9259-48B3-AF4D-3870D58D9B4A}.Release|Any CPU.Build.0 = Release|Any CPU
	EndGlobalSection
	GlobalSection(SolutionProperties) = preSolution
		HideSolutionNode = FALSE
	EndGlobalSection
	GlobalSection(ExtensibilityGlobals) = postSolution
		SolutionGuid = {C0B56EB4-5A78-4CA9-8A73-569FE3D29A0B}
	EndGlobalSection
EndGlobal
